// !$*UTF8*$!
{
	archiveVersion = 1;
	classes = {
	};
	objectVersion = 51;
	objects = {

/* Begin PBXBuildFile section */
		25DB9213AAA9E9C0203E3E7E /* Pods_InnoFest.framework in Frameworks */ = {isa = PBXBuildFile; fileRef = A80BAA9D07BE9A91E6423912 /* Pods_InnoFest.framework */; };
		AA049B6424EC1CB900AE4022 /* StallsCollectionReusableView.swift in Sources */ = {isa = PBXBuildFile; fileRef = AA049B6324EC1CB900AE4022 /* StallsCollectionReusableView.swift */; };
		AA12885224E940B900DD5459 /* Constants.swift in Sources */ = {isa = PBXBuildFile; fileRef = AA12885124E940B900DD5459 /* Constants.swift */; };
		AA37F8E824E83BC600DE51AD /* CartViewController.swift in Sources */ = {isa = PBXBuildFile; fileRef = AA37F8E724E83BC600DE51AD /* CartViewController.swift */; };
		AA37F8EA24E83C4900DE51AD /* CartTableView.swift in Sources */ = {isa = PBXBuildFile; fileRef = AA37F8E924E83C4900DE51AD /* CartTableView.swift */; };
		AA37F8EC24E83C8200DE51AD /* CartTableViewCell.swift in Sources */ = {isa = PBXBuildFile; fileRef = AA37F8EB24E83C8200DE51AD /* CartTableViewCell.swift */; };
		AA37F8EE24E83D6400DE51AD /* StallsCollectionView.swift in Sources */ = {isa = PBXBuildFile; fileRef = AA37F8ED24E83D6400DE51AD /* StallsCollectionView.swift */; };
		AA8056C624EA0CF300E80187 /* StallsCollectionViewCell.swift in Sources */ = {isa = PBXBuildFile; fileRef = AA8056C524EA0CF300E80187 /* StallsCollectionViewCell.swift */; };
		AA844FA024E78DC000D99C48 /* Stall.swift in Sources */ = {isa = PBXBuildFile; fileRef = AA844F9F24E78DC000D99C48 /* Stall.swift */; };
		AAADC1B824E50C2700B62170 /* AppDelegate.swift in Sources */ = {isa = PBXBuildFile; fileRef = AAADC1B724E50C2700B62170 /* AppDelegate.swift */; };
		AAADC1BA24E50C2700B62170 /* SceneDelegate.swift in Sources */ = {isa = PBXBuildFile; fileRef = AAADC1B924E50C2700B62170 /* SceneDelegate.swift */; };
		AAADC1BC24E50C2700B62170 /* ViewController.swift in Sources */ = {isa = PBXBuildFile; fileRef = AAADC1BB24E50C2700B62170 /* ViewController.swift */; };
		AAADC1C124E50C2A00B62170 /* Assets.xcassets in Resources */ = {isa = PBXBuildFile; fileRef = AAADC1C024E50C2A00B62170 /* Assets.xcassets */; };
		AAADC1C424E50C2A00B62170 /* LaunchScreen.storyboard in Resources */ = {isa = PBXBuildFile; fileRef = AAADC1C224E50C2A00B62170 /* LaunchScreen.storyboard */; };
		AAADC1D224E50CD300B62170 /* StallsViewController.swift in Sources */ = {isa = PBXBuildFile; fileRef = AAADC1CF24E50CD300B62170 /* StallsViewController.swift */; };
/* End PBXBuildFile section */

/* Begin PBXFileReference section */
		A3CA0EA18B2E535DFBE9312D /* Pods-InnoFest.release.xcconfig */ = {isa = PBXFileReference; includeInIndex = 1; lastKnownFileType = text.xcconfig; name = "Pods-InnoFest.release.xcconfig"; path = "Target Support Files/Pods-InnoFest/Pods-InnoFest.release.xcconfig"; sourceTree = "<group>"; };
		A80BAA9D07BE9A91E6423912 /* Pods_InnoFest.framework */ = {isa = PBXFileReference; explicitFileType = wrapper.framework; includeInIndex = 0; path = Pods_InnoFest.framework; sourceTree = BUILT_PRODUCTS_DIR; };
		AA049B6324EC1CB900AE4022 /* StallsCollectionReusableView.swift */ = {isa = PBXFileReference; lastKnownFileType = sourcecode.swift; path = StallsCollectionReusableView.swift; sourceTree = "<group>"; };
		AA12885124E940B900DD5459 /* Constants.swift */ = {isa = PBXFileReference; lastKnownFileType = sourcecode.swift; path = Constants.swift; sourceTree = "<group>"; };
		AA37F8E724E83BC600DE51AD /* CartViewController.swift */ = {isa = PBXFileReference; lastKnownFileType = sourcecode.swift; path = CartViewController.swift; sourceTree = "<group>"; };
		AA37F8E924E83C4900DE51AD /* CartTableView.swift */ = {isa = PBXFileReference; lastKnownFileType = sourcecode.swift; path = CartTableView.swift; sourceTree = "<group>"; };
		AA37F8EB24E83C8200DE51AD /* CartTableViewCell.swift */ = {isa = PBXFileReference; lastKnownFileType = sourcecode.swift; path = CartTableViewCell.swift; sourceTree = "<group>"; };
		AA37F8ED24E83D6400DE51AD /* StallsCollectionView.swift */ = {isa = PBXFileReference; lastKnownFileType = sourcecode.swift; path = StallsCollectionView.swift; sourceTree = "<group>"; };
		AA8056C524EA0CF300E80187 /* StallsCollectionViewCell.swift */ = {isa = PBXFileReference; lastKnownFileType = sourcecode.swift; path = StallsCollectionViewCell.swift; sourceTree = "<group>"; };
		AA844F9F24E78DC000D99C48 /* Stall.swift */ = {isa = PBXFileReference; lastKnownFileType = sourcecode.swift; path = Stall.swift; sourceTree = "<group>"; };
		AAADC1B424E50C2700B62170 /* InnoFest.app */ = {isa = PBXFileReference; explicitFileType = wrapper.application; includeInIndex = 0; path = InnoFest.app; sourceTree = BUILT_PRODUCTS_DIR; };
		AAADC1B724E50C2700B62170 /* AppDelegate.swift */ = {isa = PBXFileReference; lastKnownFileType = sourcecode.swift; path = AppDelegate.swift; sourceTree = "<group>"; };
		AAADC1B924E50C2700B62170 /* SceneDelegate.swift */ = {isa = PBXFileReference; lastKnownFileType = sourcecode.swift; path = SceneDelegate.swift; sourceTree = "<group>"; };
		AAADC1BB24E50C2700B62170 /* ViewController.swift */ = {isa = PBXFileReference; lastKnownFileType = sourcecode.swift; path = ViewController.swift; sourceTree = "<group>"; };
		AAADC1C024E50C2A00B62170 /* Assets.xcassets */ = {isa = PBXFileReference; lastKnownFileType = folder.assetcatalog; path = Assets.xcassets; sourceTree = "<group>"; };
		AAADC1C324E50C2A00B62170 /* Base */ = {isa = PBXFileReference; lastKnownFileType = file.storyboard; name = Base; path = Base.lproj/LaunchScreen.storyboard; sourceTree = "<group>"; };
		AAADC1C524E50C2A00B62170 /* Info.plist */ = {isa = PBXFileReference; lastKnownFileType = text.plist.xml; path = Info.plist; sourceTree = "<group>"; };
		AAADC1CF24E50CD300B62170 /* StallsViewController.swift */ = {isa = PBXFileReference; fileEncoding = 4; lastKnownFileType = sourcecode.swift; path = StallsViewController.swift; sourceTree = "<group>"; };
		E18F92826860BEC3B3ED52BB /* Pods-InnoFest.debug.xcconfig */ = {isa = PBXFileReference; includeInIndex = 1; lastKnownFileType = text.xcconfig; name = "Pods-InnoFest.debug.xcconfig"; path = "Target Support Files/Pods-InnoFest/Pods-InnoFest.debug.xcconfig"; sourceTree = "<group>"; };
/* End PBXFileReference section */

/* Begin PBXFrameworksBuildPhase section */
		AAADC1B124E50C2700B62170 /* Frameworks */ = {
			isa = PBXFrameworksBuildPhase;
			buildActionMask = 2147483647;
			files = (
				25DB9213AAA9E9C0203E3E7E /* Pods_InnoFest.framework in Frameworks */,
			);
			runOnlyForDeploymentPostprocessing = 0;
		};
/* End PBXFrameworksBuildPhase section */

/* Begin PBXGroup section */
		6DFCF0A66A92CC207801FD72 /* Frameworks */ = {
			isa = PBXGroup;
			children = (
				A80BAA9D07BE9A91E6423912 /* Pods_InnoFest.framework */,
			);
			name = Frameworks;
			sourceTree = "<group>";
		};
		AA37F8E624E83B6A00DE51AD /* Cart */ = {
			isa = PBXGroup;
			children = (
				AA37F8E724E83BC600DE51AD /* CartViewController.swift */,
				AA37F8E924E83C4900DE51AD /* CartTableView.swift */,
				AA37F8EB24E83C8200DE51AD /* CartTableViewCell.swift */,
			);
			path = Cart;
			sourceTree = "<group>";
		};
		AAADC1AB24E50C2700B62170 = {
			isa = PBXGroup;
			children = (
				AAADC1B624E50C2700B62170 /* InnoFest */,
				AAADC1B524E50C2700B62170 /* Products */,
				B700D5499F091F324A7B06CF /* Pods */,
				6DFCF0A66A92CC207801FD72 /* Frameworks */,
			);
			sourceTree = "<group>";
		};
		AAADC1B524E50C2700B62170 /* Products */ = {
			isa = PBXGroup;
			children = (
				AAADC1B424E50C2700B62170 /* InnoFest.app */,
			);
			name = Products;
			sourceTree = "<group>";
		};
		AAADC1B624E50C2700B62170 /* InnoFest */ = {
			isa = PBXGroup;
			children = (
				AAADC1CC24E50C9D00B62170 /* View */,
				AAADC1CB24E50C9900B62170 /* Model */,
				AAADC1B724E50C2700B62170 /* AppDelegate.swift */,
				AAADC1B924E50C2700B62170 /* SceneDelegate.swift */,
				AAADC1BB24E50C2700B62170 /* ViewController.swift */,
				AAADC1C024E50C2A00B62170 /* Assets.xcassets */,
				AAADC1C224E50C2A00B62170 /* LaunchScreen.storyboard */,
				AAADC1C524E50C2A00B62170 /* Info.plist */,
				AA12885124E940B900DD5459 /* Constants.swift */,
			);
			path = InnoFest;
			sourceTree = "<group>";
		};
		AAADC1CB24E50C9900B62170 /* Model */ = {
			isa = PBXGroup;
			children = (
				AA844F9F24E78DC000D99C48 /* Stall.swift */,
			);
			path = Model;
			sourceTree = "<group>";
		};
		AAADC1CC24E50C9D00B62170 /* View */ = {
			isa = PBXGroup;
			children = (
				AA37F8E624E83B6A00DE51AD /* Cart */,
				AACF43CE24E6443000FF6A71 /* Stalls */,
			);
			path = View;
			sourceTree = "<group>";
		};
		AACF43CE24E6443000FF6A71 /* Stalls */ = {
			isa = PBXGroup;
			children = (
				AAADC1CF24E50CD300B62170 /* StallsViewController.swift */,
				AA37F8ED24E83D6400DE51AD /* StallsCollectionView.swift */,
				AA8056C524EA0CF300E80187 /* StallsCollectionViewCell.swift */,
				AA049B6324EC1CB900AE4022 /* StallsCollectionReusableView.swift */,
			);
			path = Stalls;
			sourceTree = "<group>";
		};
		B700D5499F091F324A7B06CF /* Pods */ = {
			isa = PBXGroup;
			children = (
				E18F92826860BEC3B3ED52BB /* Pods-InnoFest.debug.xcconfig */,
				A3CA0EA18B2E535DFBE9312D /* Pods-InnoFest.release.xcconfig */,
			);
			path = Pods;
			sourceTree = "<group>";
		};
/* End PBXGroup section */

/* Begin PBXNativeTarget section */
		AAADC1B324E50C2700B62170 /* InnoFest */ = {
			isa = PBXNativeTarget;
			buildConfigurationList = AAADC1C824E50C2A00B62170 /* Build configuration list for PBXNativeTarget "InnoFest" */;
			buildPhases = (
				3FF228C285175A09C24D8D2C /* [CP] Check Pods Manifest.lock */,
				AAADC1B024E50C2700B62170 /* Sources */,
				AAADC1B124E50C2700B62170 /* Frameworks */,
				AAADC1B224E50C2700B62170 /* Resources */,
				BAF54E69E66B433BA2A5B825 /* [CP] Embed Pods Frameworks */,
			);
			buildRules = (
			);
			dependencies = (
			);
			name = InnoFest;
			productName = InnoFest;
			productReference = AAADC1B424E50C2700B62170 /* InnoFest.app */;
			productType = "com.apple.product-type.application";
		};
/* End PBXNativeTarget section */

/* Begin PBXProject section */
		AAADC1AC24E50C2700B62170 /* Project object */ = {
			isa = PBXProject;
			attributes = {
				LastSwiftUpdateCheck = 1150;
				LastUpgradeCheck = 1150;
				ORGANIZATIONNAME = "Ryan The";
				TargetAttributes = {
					AAADC1B324E50C2700B62170 = {
						CreatedOnToolsVersion = 11.5;
					};
				};
			};
			buildConfigurationList = AAADC1AF24E50C2700B62170 /* Build configuration list for PBXProject "InnoFest" */;
			compatibilityVersion = "Xcode 9.3";
			developmentRegion = en;
			hasScannedForEncodings = 0;
			knownRegions = (
				en,
				Base,
			);
			mainGroup = AAADC1AB24E50C2700B62170;
			productRefGroup = AAADC1B524E50C2700B62170 /* Products */;
			projectDirPath = "";
			projectRoot = "";
			targets = (
				AAADC1B324E50C2700B62170 /* InnoFest */,
			);
		};
/* End PBXProject section */

/* Begin PBXResourcesBuildPhase section */
		AAADC1B224E50C2700B62170 /* Resources */ = {
			isa = PBXResourcesBuildPhase;
			buildActionMask = 2147483647;
			files = (
				AAADC1C424E50C2A00B62170 /* LaunchScreen.storyboard in Resources */,
				AAADC1C124E50C2A00B62170 /* Assets.xcassets in Resources */,
			);
			runOnlyForDeploymentPostprocessing = 0;
		};
/* End PBXResourcesBuildPhase section */

/* Begin PBXShellScriptBuildPhase section */
		3FF228C285175A09C24D8D2C /* [CP] Check Pods Manifest.lock */ = {
			isa = PBXShellScriptBuildPhase;
			buildActionMask = 2147483647;
			files = (
			);
			inputFileListPaths = (
			);
			inputPaths = (
				"${PODS_PODFILE_DIR_PATH}/Podfile.lock",
				"${PODS_ROOT}/Manifest.lock",
			);
			name = "[CP] Check Pods Manifest.lock";
			outputFileListPaths = (
			);
			outputPaths = (
				"$(DERIVED_FILE_DIR)/Pods-InnoFest-checkManifestLockResult.txt",
			);
			runOnlyForDeploymentPostprocessing = 0;
			shellPath = /bin/sh;
			shellScript = "diff \"${PODS_PODFILE_DIR_PATH}/Podfile.lock\" \"${PODS_ROOT}/Manifest.lock\" > /dev/null\nif [ $? != 0 ] ; then\n    # print error to STDERR\n    echo \"error: The sandbox is not in sync with the Podfile.lock. Run 'pod install' or update your CocoaPods installation.\" >&2\n    exit 1\nfi\n# This output is used by Xcode 'outputs' to avoid re-running this script phase.\necho \"SUCCESS\" > \"${SCRIPT_OUTPUT_FILE_0}\"\n";
			showEnvVarsInLog = 0;
		};
		BAF54E69E66B433BA2A5B825 /* [CP] Embed Pods Frameworks */ = {
			isa = PBXShellScriptBuildPhase;
			buildActionMask = 2147483647;
			files = (
			);
			inputFileListPaths = (
				"${PODS_ROOT}/Target Support Files/Pods-InnoFest/Pods-InnoFest-frameworks-${CONFIGURATION}-input-files.xcfilelist",
			);
			name = "[CP] Embed Pods Frameworks";
			outputFileListPaths = (
				"${PODS_ROOT}/Target Support Files/Pods-InnoFest/Pods-InnoFest-frameworks-${CONFIGURATION}-output-files.xcfilelist",
			);
			runOnlyForDeploymentPostprocessing = 0;
			shellPath = /bin/sh;
			shellScript = "\"${PODS_ROOT}/Target Support Files/Pods-InnoFest/Pods-InnoFest-frameworks.sh\"\n";
			showEnvVarsInLog = 0;
		};
/* End PBXShellScriptBuildPhase section */

/* Begin PBXSourcesBuildPhase section */
		AAADC1B024E50C2700B62170 /* Sources */ = {
			isa = PBXSourcesBuildPhase;
			buildActionMask = 2147483647;
			files = (
				AAADC1BC24E50C2700B62170 /* ViewController.swift in Sources */,
				AAADC1D224E50CD300B62170 /* StallsViewController.swift in Sources */,
				AAADC1B824E50C2700B62170 /* AppDelegate.swift in Sources */,
				AA37F8E824E83BC600DE51AD /* CartViewController.swift in Sources */,
				AA37F8EA24E83C4900DE51AD /* CartTableView.swift in Sources */,
				AA12885224E940B900DD5459 /* Constants.swift in Sources */,
				AA8056C624EA0CF300E80187 /* StallsCollectionViewCell.swift in Sources */,
				AA37F8EC24E83C8200DE51AD /* CartTableViewCell.swift in Sources */,
				AAADC1BA24E50C2700B62170 /* SceneDelegate.swift in Sources */,
				AA37F8EE24E83D6400DE51AD /* StallsCollectionView.swift in Sources */,
				AA049B6424EC1CB900AE4022 /* StallsCollectionReusableView.swift in Sources */,
				AA844FA024E78DC000D99C48 /* Stall.swift in Sources */,
			);
			runOnlyForDeploymentPostprocessing = 0;
		};
/* End PBXSourcesBuildPhase section */

/* Begin PBXVariantGroup section */
		AAADC1C224E50C2A00B62170 /* LaunchScreen.storyboard */ = {
			isa = PBXVariantGroup;
			children = (
				AAADC1C324E50C2A00B62170 /* Base */,
			);
			name = LaunchScreen.storyboard;
			sourceTree = "<group>";
		};
/* End PBXVariantGroup section */

/* Begin XCBuildConfiguration section */
		AAADC1C624E50C2A00B62170 /* Debug */ = {
			isa = XCBuildConfiguration;
			buildSettings = {
				ALWAYS_SEARCH_USER_PATHS = NO;
				CLANG_ANALYZER_NONNULL = YES;
				CLANG_ANALYZER_NUMBER_OBJECT_CONVERSION = YES_AGGRESSIVE;
				CLANG_CXX_LANGUAGE_STANDARD = "gnu++14";
				CLANG_CXX_LIBRARY = "libc++";
				CLANG_ENABLE_MODULES = YES;
				CLANG_ENABLE_OBJC_ARC = YES;
				CLANG_ENABLE_OBJC_WEAK = YES;
				CLANG_WARN_BLOCK_CAPTURE_AUTORELEASING = YES;
				CLANG_WARN_BOOL_CONVERSION = YES;
				CLANG_WARN_COMMA = YES;
				CLANG_WARN_CONSTANT_CONVERSION = YES;
				CLANG_WARN_DEPRECATED_OBJC_IMPLEMENTATIONS = YES;
				CLANG_WARN_DIRECT_OBJC_ISA_USAGE = YES_ERROR;
				CLANG_WARN_DOCUMENTATION_COMMENTS = YES;
				CLANG_WARN_EMPTY_BODY = YES;
				CLANG_WARN_ENUM_CONVERSION = YES;
				CLANG_WARN_INFINITE_RECURSION = YES;
				CLANG_WARN_INT_CONVERSION = YES;
				CLANG_WARN_NON_LITERAL_NULL_CONVERSION = YES;
				CLANG_WARN_OBJC_IMPLICIT_RETAIN_SELF = YES;
				CLANG_WARN_OBJC_LITERAL_CONVERSION = YES;
				CLANG_WARN_OBJC_ROOT_CLASS = YES_ERROR;
				CLANG_WARN_RANGE_LOOP_ANALYSIS = YES;
				CLANG_WARN_STRICT_PROTOTYPES = YES;
				CLANG_WARN_SUSPICIOUS_MOVE = YES;
				CLANG_WARN_UNGUARDED_AVAILABILITY = YES_AGGRESSIVE;
				CLANG_WARN_UNREACHABLE_CODE = YES;
				CLANG_WARN__DUPLICATE_METHOD_MATCH = YES;
				COPY_PHASE_STRIP = NO;
				DEBUG_INFORMATION_FORMAT = dwarf;
				ENABLE_STRICT_OBJC_MSGSEND = YES;
				ENABLE_TESTABILITY = YES;
				GCC_C_LANGUAGE_STANDARD = gnu11;
				GCC_DYNAMIC_NO_PIC = NO;
				GCC_NO_COMMON_BLOCKS = YES;
				GCC_OPTIMIZATION_LEVEL = 0;
				GCC_PREPROCESSOR_DEFINITIONS = (
					"DEBUG=1",
					"$(inherited)",
				);
				GCC_WARN_64_TO_32_BIT_CONVERSION = YES;
				GCC_WARN_ABOUT_RETURN_TYPE = YES_ERROR;
				GCC_WARN_UNDECLARED_SELECTOR = YES;
				GCC_WARN_UNINITIALIZED_AUTOS = YES_AGGRESSIVE;
				GCC_WARN_UNUSED_FUNCTION = YES;
				GCC_WARN_UNUSED_VARIABLE = YES;
				IPHONEOS_DEPLOYMENT_TARGET = 13.5;
				MTL_ENABLE_DEBUG_INFO = INCLUDE_SOURCE;
				MTL_FAST_MATH = YES;
				ONLY_ACTIVE_ARCH = YES;
				SDKROOT = iphoneos;
				SWIFT_ACTIVE_COMPILATION_CONDITIONS = DEBUG;
				SWIFT_OPTIMIZATION_LEVEL = "-Onone";
			};
			name = Debug;
		};
		AAADC1C724E50C2A00B62170 /* Release */ = {
			isa = XCBuildConfiguration;
			buildSettings = {
				ALWAYS_SEARCH_USER_PATHS = NO;
				CLANG_ANALYZER_NONNULL = YES;
				CLANG_ANALYZER_NUMBER_OBJECT_CONVERSION = YES_AGGRESSIVE;
				CLANG_CXX_LANGUAGE_STANDARD = "gnu++14";
				CLANG_CXX_LIBRARY = "libc++";
				CLANG_ENABLE_MODULES = YES;
				CLANG_ENABLE_OBJC_ARC = YES;
				CLANG_ENABLE_OBJC_WEAK = YES;
				CLANG_WARN_BLOCK_CAPTURE_AUTORELEASING = YES;
				CLANG_WARN_BOOL_CONVERSION = YES;
				CLANG_WARN_COMMA = YES;
				CLANG_WARN_CONSTANT_CONVERSION = YES;
				CLANG_WARN_DEPRECATED_OBJC_IMPLEMENTATIONS = YES;
				CLANG_WARN_DIRECT_OBJC_ISA_USAGE = YES_ERROR;
				CLANG_WARN_DOCUMENTATION_COMMENTS = YES;
				CLANG_WARN_EMPTY_BODY = YES;
				CLANG_WARN_ENUM_CONVERSION = YES;
				CLANG_WARN_INFINITE_RECURSION = YES;
				CLANG_WARN_INT_CONVERSION = YES;
				CLANG_WARN_NON_LITERAL_NULL_CONVERSION = YES;
				CLANG_WARN_OBJC_IMPLICIT_RETAIN_SELF = YES;
				CLANG_WARN_OBJC_LITERAL_CONVERSION = YES;
				CLANG_WARN_OBJC_ROOT_CLASS = YES_ERROR;
				CLANG_WARN_RANGE_LOOP_ANALYSIS = YES;
				CLANG_WARN_STRICT_PROTOTYPES = YES;
				CLANG_WARN_SUSPICIOUS_MOVE = YES;
				CLANG_WARN_UNGUARDED_AVAILABILITY = YES_AGGRESSIVE;
				CLANG_WARN_UNREACHABLE_CODE = YES;
				CLANG_WARN__DUPLICATE_METHOD_MATCH = YES;
				COPY_PHASE_STRIP = NO;
				DEBUG_INFORMATION_FORMAT = "dwarf-with-dsym";
				ENABLE_NS_ASSERTIONS = NO;
				ENABLE_STRICT_OBJC_MSGSEND = YES;
				GCC_C_LANGUAGE_STANDARD = gnu11;
				GCC_NO_COMMON_BLOCKS = YES;
				GCC_WARN_64_TO_32_BIT_CONVERSION = YES;
				GCC_WARN_ABOUT_RETURN_TYPE = YES_ERROR;
				GCC_WARN_UNDECLARED_SELECTOR = YES;
				GCC_WARN_UNINITIALIZED_AUTOS = YES_AGGRESSIVE;
				GCC_WARN_UNUSED_FUNCTION = YES;
				GCC_WARN_UNUSED_VARIABLE = YES;
				IPHONEOS_DEPLOYMENT_TARGET = 13.5;
				MTL_ENABLE_DEBUG_INFO = NO;
				MTL_FAST_MATH = YES;
				SDKROOT = iphoneos;
				SWIFT_COMPILATION_MODE = wholemodule;
				SWIFT_OPTIMIZATION_LEVEL = "-O";
				VALIDATE_PRODUCT = YES;
			};
			name = Release;
		};
		AAADC1C924E50C2A00B62170 /* Debug */ = {
			isa = XCBuildConfiguration;
			baseConfigurationReference = E18F92826860BEC3B3ED52BB /* Pods-InnoFest.debug.xcconfig */;
			buildSettings = {
				ASSETCATALOG_COMPILER_APPICON_NAME = AppIcon;
				CODE_SIGN_STYLE = Automatic;
				DEVELOPMENT_TEAM = 66HB97DLV4;
				INFOPLIST_FILE = InnoFest/Info.plist;
				LD_RUNPATH_SEARCH_PATHS = (
					"$(inherited)",
					"@executable_path/Frameworks",
				);
				PRODUCT_BUNDLE_IDENTIFIER = com.ryanthe.InnoFest;
				PRODUCT_NAME = "$(TARGET_NAME)";
				SWIFT_VERSION = 5.0;
				TARGETED_DEVICE_FAMILY = "1,2";
			};
			name = Debug;
		};
		AAADC1CA24E50C2A00B62170 /* Release */ = {
			isa = XCBuildConfiguration;
			baseConfigurationReference = A3CA0EA18B2E535DFBE9312D /* Pods-InnoFest.release.xcconfig */;
			buildSettings = {
				ASSETCATALOG_COMPILER_APPICON_NAME = AppIcon;
				CODE_SIGN_STYLE = Automatic;
				DEVELOPMENT_TEAM = 66HB97DLV4;
				INFOPLIST_FILE = InnoFest/Info.plist;
				LD_RUNPATH_SEARCH_PATHS = (
					"$(inherited)",
					"@executable_path/Frameworks",
				);
				PRODUCT_BUNDLE_IDENTIFIER = com.ryanthe.InnoFest;
				PRODUCT_NAME = "$(TARGET_NAME)";
				SWIFT_VERSION = 5.0;
				TARGETED_DEVICE_FAMILY = "1,2";
			};
			name = Release;
		};
/* End XCBuildConfiguration section */

/* Begin XCConfigurationList section */
		AAADC1AF24E50C2700B62170 /* Build configuration list for PBXProject "InnoFest" */ = {
			isa = XCConfigurationList;
			buildConfigurations = (
				AAADC1C624E50C2A00B62170 /* Debug */,
				AAADC1C724E50C2A00B62170 /* Release */,
			);
			defaultConfigurationIsVisible = 0;
			defaultConfigurationName = Release;
		};
		AAADC1C824E50C2A00B62170 /* Build configuration list for PBXNativeTarget "InnoFest" */ = {
			isa = XCConfigurationList;
			buildConfigurations = (
				AAADC1C924E50C2A00B62170 /* Debug */,
				AAADC1CA24E50C2A00B62170 /* Release */,
			);
			defaultConfigurationIsVisible = 0;
			defaultConfigurationName = Release;
		};
/* End XCConfigurationList section */
	};
	rootObject = AAADC1AC24E50C2700B62170 /* Project object */;
}
