// !$*UTF8*$!
{
	archiveVersion = 1;
	classes = {
	};
	objectVersion = 51;
	objects = {

/* Begin PBXBuildFile section */
		AA02F67F24F161AA0042C8CF /* GradientView.swift in Sources */ = {isa = PBXBuildFile; fileRef = AA02F67E24F161AA0042C8CF /* GradientView.swift */; };
		AA08A0A12500E8EC0064A730 /* ExploreViewController.swift in Sources */ = {isa = PBXBuildFile; fileRef = AA08A0A02500E8EC0064A730 /* ExploreViewController.swift */; };
		AA12885224E940B900DD5459 /* Constants.swift in Sources */ = {isa = PBXBuildFile; fileRef = AA12885124E940B900DD5459 /* Constants.swift */; };
		AA24C93D24F927C00020EBEA /* SettingsProfileTableViewCell.swift in Sources */ = {isa = PBXBuildFile; fileRef = AA24C93C24F927C00020EBEA /* SettingsProfileTableViewCell.swift */; };
		AA2EFE3E25076776001309CB /* Barg-InnoFest.xcdatamodeld in Sources */ = {isa = PBXBuildFile; fileRef = AA2EFE3C25076776001309CB /* Barg-InnoFest.xcdatamodeld */; };
		AA3709E12514A9F9003BBEA4 /* UIColor.swift in Sources */ = {isa = PBXBuildFile; fileRef = AA3709E02514A9F9003BBEA4 /* UIColor.swift */; };
		AA3709E52515BBF8003BBEA4 /* MyStallAddViewController.swift in Sources */ = {isa = PBXBuildFile; fileRef = AA3709E42515BBF8003BBEA4 /* MyStallAddViewController.swift */; };
		AA370A0C251615E5003BBEA4 /* InputTableViewCell.swift in Sources */ = {isa = PBXBuildFile; fileRef = AA370A0B251615E4003BBEA4 /* InputTableViewCell.swift */; };
		AA370A0E251649C6003BBEA4 /* Collection.swift in Sources */ = {isa = PBXBuildFile; fileRef = AA370A0D251649C6003BBEA4 /* Collection.swift */; };
		AA37F8E824E83BC600DE51AD /* CartViewController.swift in Sources */ = {isa = PBXBuildFile; fileRef = AA37F8E724E83BC600DE51AD /* CartViewController.swift */; };
		AA37F8EA24E83C4900DE51AD /* CartTableView.swift in Sources */ = {isa = PBXBuildFile; fileRef = AA37F8E924E83C4900DE51AD /* CartTableView.swift */; };
		AA37F8EC24E83C8200DE51AD /* CartTableViewCell.swift in Sources */ = {isa = PBXBuildFile; fileRef = AA37F8EB24E83C8200DE51AD /* CartTableViewCell.swift */; };
		AA3CA951250C7F710068D80C /* StallsViewController.swift in Sources */ = {isa = PBXBuildFile; fileRef = AA3CA950250C7F710068D80C /* StallsViewController.swift */; };
		AA41A8CF24F4B6400051DDAF /* SettingsViewController.swift in Sources */ = {isa = PBXBuildFile; fileRef = AA41A8CE24F4B6400051DDAF /* SettingsViewController.swift */; };
		AA578CBD24F7823A004B27D3 /* GoogleService-Info.plist in Resources */ = {isa = PBXBuildFile; fileRef = AA578CBC24F7823A004B27D3 /* GoogleService-Info.plist */; };
		AA5D021424FFDE0600CA2E45 /* UserAuth.swift in Sources */ = {isa = PBXBuildFile; fileRef = AA5D021324FFDE0600CA2E45 /* UserAuth.swift */; };
		AA8056C624EA0CF300E80187 /* StallsCollectionViewCell.swift in Sources */ = {isa = PBXBuildFile; fileRef = AA8056C524EA0CF300E80187 /* StallsCollectionViewCell.swift */; };
		AA80E57724F6099B00723015 /* Utils.swift in Sources */ = {isa = PBXBuildFile; fileRef = AA80E57624F6099B00723015 /* Utils.swift */; };
		AA844FA024E78DC000D99C48 /* Stall.swift in Sources */ = {isa = PBXBuildFile; fileRef = AA844F9F24E78DC000D99C48 /* Stall.swift */; };
		AA98766E24EF9CE300FE6F16 /* AddToCartViewController.swift in Sources */ = {isa = PBXBuildFile; fileRef = AA98766D24EF9CE300FE6F16 /* AddToCartViewController.swift */; };
		AA9F04F4250245A0002B5EE9 /* Cart.swift in Sources */ = {isa = PBXBuildFile; fileRef = AA9F04F3250245A0002B5EE9 /* Cart.swift */; };
		AA9F19D4250F210B0088B811 /* MyStallViewController.swift in Sources */ = {isa = PBXBuildFile; fileRef = AA9F19D3250F210B0088B811 /* MyStallViewController.swift */; };
		AAA6E85D25108D75009E4507 /* Notification.Name.swift in Sources */ = {isa = PBXBuildFile; fileRef = AAA6E85C25108D75009E4507 /* Notification.Name.swift */; };
		AAADC1B824E50C2700B62170 /* AppDelegate.swift in Sources */ = {isa = PBXBuildFile; fileRef = AAADC1B724E50C2700B62170 /* AppDelegate.swift */; };
		AAADC1BA24E50C2700B62170 /* SceneDelegate.swift in Sources */ = {isa = PBXBuildFile; fileRef = AAADC1B924E50C2700B62170 /* SceneDelegate.swift */; };
		AAADC1C124E50C2A00B62170 /* Assets.xcassets in Resources */ = {isa = PBXBuildFile; fileRef = AAADC1C024E50C2A00B62170 /* Assets.xcassets */; };
		AAADC1C424E50C2A00B62170 /* LaunchScreen.storyboard in Resources */ = {isa = PBXBuildFile; fileRef = AAADC1C224E50C2A00B62170 /* LaunchScreen.storyboard */; };
		AAB6356124FA1EE900754A01 /* UIView.swift in Sources */ = {isa = PBXBuildFile; fileRef = AAB6356024FA1EE900754A01 /* UIView.swift */; };
		AABDE1C925178C4300D289F4 /* OrdersViewController.swift in Sources */ = {isa = PBXBuildFile; fileRef = AABDE1C825178C4300D289F4 /* OrdersViewController.swift */; };
		AAC6EE3024FDEE3300A458B9 /* ModalActionViewController.swift in Sources */ = {isa = PBXBuildFile; fileRef = AAC6EE2F24FDEE3300A458B9 /* ModalActionViewController.swift */; };
		AAEF73FA24F367C300C31BE0 /* UIWindow.swift in Sources */ = {isa = PBXBuildFile; fileRef = AAEF73F924F367C300C31BE0 /* UIWindow.swift */; };
		AAFF1292250CE49D00E1FA48 /* FoodItemEntity+CoreDataProperties.swift in Sources */ = {isa = PBXBuildFile; fileRef = AAFF1290250CE49C00E1FA48 /* FoodItemEntity+CoreDataProperties.swift */; };
		AAFF1293250CE49D00E1FA48 /* FoodItemEntity+CoreDataClass.swift in Sources */ = {isa = PBXBuildFile; fileRef = AAFF1291250CE49C00E1FA48 /* FoodItemEntity+CoreDataClass.swift */; };
		EF9DCE077463522185DBEFE3 /* Pods_Barg_InnoFest.framework in Frameworks */ = {isa = PBXBuildFile; fileRef = 44ED743ABC27D8B594E45221 /* Pods_Barg_InnoFest.framework */; };
/* End PBXBuildFile section */

/* Begin PBXFileReference section */
		44ED743ABC27D8B594E45221 /* Pods_Barg_InnoFest.framework */ = {isa = PBXFileReference; explicitFileType = wrapper.framework; includeInIndex = 0; path = Pods_Barg_InnoFest.framework; sourceTree = BUILT_PRODUCTS_DIR; };
		7E1F7976D93C56BA13B8566B /* Pods-Barg-InnoFest.release.xcconfig */ = {isa = PBXFileReference; includeInIndex = 1; lastKnownFileType = text.xcconfig; name = "Pods-Barg-InnoFest.release.xcconfig"; path = "Target Support Files/Pods-Barg-InnoFest/Pods-Barg-InnoFest.release.xcconfig"; sourceTree = "<group>"; };
		AA02F67E24F161AA0042C8CF /* GradientView.swift */ = {isa = PBXFileReference; lastKnownFileType = sourcecode.swift; path = GradientView.swift; sourceTree = "<group>"; };
		AA08A0A02500E8EC0064A730 /* ExploreViewController.swift */ = {isa = PBXFileReference; lastKnownFileType = sourcecode.swift; path = ExploreViewController.swift; sourceTree = "<group>"; };
		AA12885124E940B900DD5459 /* Constants.swift */ = {isa = PBXFileReference; lastKnownFileType = sourcecode.swift; path = Constants.swift; sourceTree = "<group>"; };
		AA24C93C24F927C00020EBEA /* SettingsProfileTableViewCell.swift */ = {isa = PBXFileReference; lastKnownFileType = sourcecode.swift; path = SettingsProfileTableViewCell.swift; sourceTree = "<group>"; };
		AA2EFE3D25076776001309CB /* Barg-InnoFest.xcdatamodel */ = {isa = PBXFileReference; lastKnownFileType = wrapper.xcdatamodel; path = "Barg-InnoFest.xcdatamodel"; sourceTree = "<group>"; };
		AA3709E02514A9F9003BBEA4 /* UIColor.swift */ = {isa = PBXFileReference; lastKnownFileType = sourcecode.swift; path = UIColor.swift; sourceTree = "<group>"; };
		AA3709E42515BBF8003BBEA4 /* MyStallAddViewController.swift */ = {isa = PBXFileReference; lastKnownFileType = sourcecode.swift; path = MyStallAddViewController.swift; sourceTree = "<group>"; };
		AA370A0B251615E4003BBEA4 /* InputTableViewCell.swift */ = {isa = PBXFileReference; lastKnownFileType = sourcecode.swift; path = InputTableViewCell.swift; sourceTree = "<group>"; };
		AA370A0D251649C6003BBEA4 /* Collection.swift */ = {isa = PBXFileReference; lastKnownFileType = sourcecode.swift; path = Collection.swift; sourceTree = "<group>"; };
		AA37F8E724E83BC600DE51AD /* CartViewController.swift */ = {isa = PBXFileReference; lastKnownFileType = sourcecode.swift; path = CartViewController.swift; sourceTree = "<group>"; };
		AA37F8E924E83C4900DE51AD /* CartTableView.swift */ = {isa = PBXFileReference; lastKnownFileType = sourcecode.swift; path = CartTableView.swift; sourceTree = "<group>"; };
		AA37F8EB24E83C8200DE51AD /* CartTableViewCell.swift */ = {isa = PBXFileReference; lastKnownFileType = sourcecode.swift; path = CartTableViewCell.swift; sourceTree = "<group>"; };
		AA3CA950250C7F710068D80C /* StallsViewController.swift */ = {isa = PBXFileReference; lastKnownFileType = sourcecode.swift; path = StallsViewController.swift; sourceTree = "<group>"; };
		AA41A8CE24F4B6400051DDAF /* SettingsViewController.swift */ = {isa = PBXFileReference; lastKnownFileType = sourcecode.swift; path = SettingsViewController.swift; sourceTree = "<group>"; };
		AA578CBC24F7823A004B27D3 /* GoogleService-Info.plist */ = {isa = PBXFileReference; fileEncoding = 4; lastKnownFileType = text.plist.xml; path = "GoogleService-Info.plist"; sourceTree = "<group>"; };
		AA5D021324FFDE0600CA2E45 /* UserAuth.swift */ = {isa = PBXFileReference; lastKnownFileType = sourcecode.swift; path = UserAuth.swift; sourceTree = "<group>"; };
		AA8056C524EA0CF300E80187 /* StallsCollectionViewCell.swift */ = {isa = PBXFileReference; lastKnownFileType = sourcecode.swift; path = StallsCollectionViewCell.swift; sourceTree = "<group>"; };
		AA80E57624F6099B00723015 /* Utils.swift */ = {isa = PBXFileReference; lastKnownFileType = sourcecode.swift; path = Utils.swift; sourceTree = "<group>"; };
		AA844F9F24E78DC000D99C48 /* Stall.swift */ = {isa = PBXFileReference; lastKnownFileType = sourcecode.swift; path = Stall.swift; sourceTree = "<group>"; };
		AA98766D24EF9CE300FE6F16 /* AddToCartViewController.swift */ = {isa = PBXFileReference; lastKnownFileType = sourcecode.swift; path = AddToCartViewController.swift; sourceTree = "<group>"; };
		AA9F04F3250245A0002B5EE9 /* Cart.swift */ = {isa = PBXFileReference; fileEncoding = 4; lastKnownFileType = sourcecode.swift; path = Cart.swift; sourceTree = "<group>"; };
		AA9F19D3250F210B0088B811 /* MyStallViewController.swift */ = {isa = PBXFileReference; lastKnownFileType = sourcecode.swift; path = MyStallViewController.swift; sourceTree = "<group>"; };
		AAA6E85C25108D75009E4507 /* Notification.Name.swift */ = {isa = PBXFileReference; lastKnownFileType = sourcecode.swift; path = Notification.Name.swift; sourceTree = "<group>"; };
		AAADC1B424E50C2700B62170 /* Barg-InnoFest.app */ = {isa = PBXFileReference; explicitFileType = wrapper.application; includeInIndex = 0; path = "Barg-InnoFest.app"; sourceTree = BUILT_PRODUCTS_DIR; };
		AAADC1B724E50C2700B62170 /* AppDelegate.swift */ = {isa = PBXFileReference; lastKnownFileType = sourcecode.swift; path = AppDelegate.swift; sourceTree = "<group>"; };
		AAADC1B924E50C2700B62170 /* SceneDelegate.swift */ = {isa = PBXFileReference; lastKnownFileType = sourcecode.swift; path = SceneDelegate.swift; sourceTree = "<group>"; };
		AAADC1C024E50C2A00B62170 /* Assets.xcassets */ = {isa = PBXFileReference; lastKnownFileType = folder.assetcatalog; path = Assets.xcassets; sourceTree = "<group>"; };
		AAADC1C324E50C2A00B62170 /* Base */ = {isa = PBXFileReference; lastKnownFileType = file.storyboard; name = Base; path = Base.lproj/LaunchScreen.storyboard; sourceTree = "<group>"; };
		AAADC1C524E50C2A00B62170 /* Info.plist */ = {isa = PBXFileReference; lastKnownFileType = text.plist.xml; path = Info.plist; sourceTree = "<group>"; };
		AAB6356024FA1EE900754A01 /* UIView.swift */ = {isa = PBXFileReference; lastKnownFileType = sourcecode.swift; path = UIView.swift; sourceTree = "<group>"; };
		AABDE1C825178C4300D289F4 /* OrdersViewController.swift */ = {isa = PBXFileReference; lastKnownFileType = sourcecode.swift; path = OrdersViewController.swift; sourceTree = "<group>"; };
		AAC6EE2F24FDEE3300A458B9 /* ModalActionViewController.swift */ = {isa = PBXFileReference; lastKnownFileType = sourcecode.swift; path = ModalActionViewController.swift; sourceTree = "<group>"; };
		AAEF73F924F367C300C31BE0 /* UIWindow.swift */ = {isa = PBXFileReference; lastKnownFileType = sourcecode.swift; path = UIWindow.swift; sourceTree = "<group>"; };
		AAFF1290250CE49C00E1FA48 /* FoodItemEntity+CoreDataProperties.swift */ = {isa = PBXFileReference; fileEncoding = 4; lastKnownFileType = sourcecode.swift; path = "FoodItemEntity+CoreDataProperties.swift"; sourceTree = "<group>"; };
		AAFF1291250CE49C00E1FA48 /* FoodItemEntity+CoreDataClass.swift */ = {isa = PBXFileReference; fileEncoding = 4; lastKnownFileType = sourcecode.swift; path = "FoodItemEntity+CoreDataClass.swift"; sourceTree = "<group>"; };
		AC82108DEC3ECB54ABEEB02A /* Pods-Barg-InnoFest.debug.xcconfig */ = {isa = PBXFileReference; includeInIndex = 1; lastKnownFileType = text.xcconfig; name = "Pods-Barg-InnoFest.debug.xcconfig"; path = "Target Support Files/Pods-Barg-InnoFest/Pods-Barg-InnoFest.debug.xcconfig"; sourceTree = "<group>"; };
/* End PBXFileReference section */

/* Begin PBXFrameworksBuildPhase section */
		AAADC1B124E50C2700B62170 /* Frameworks */ = {
			isa = PBXFrameworksBuildPhase;
			buildActionMask = 2147483647;
			files = (
				EF9DCE077463522185DBEFE3 /* Pods_Barg_InnoFest.framework in Frameworks */,
			);
			runOnlyForDeploymentPostprocessing = 0;
		};
/* End PBXFrameworksBuildPhase section */

/* Begin PBXGroup section */
		77CA85D28A2350F47506B640 /* Pods */ = {
			isa = PBXGroup;
			children = (
				AC82108DEC3ECB54ABEEB02A /* Pods-Barg-InnoFest.debug.xcconfig */,
				7E1F7976D93C56BA13B8566B /* Pods-Barg-InnoFest.release.xcconfig */,
			);
			path = Pods;
			sourceTree = "<group>";
		};
		AA02F67D24F161840042C8CF /* Utils */ = {
			isa = PBXGroup;
			children = (
				AA12885124E940B900DD5459 /* Constants.swift */,
				AA80E57624F6099B00723015 /* Utils.swift */,
				AA02F67E24F161AA0042C8CF /* GradientView.swift */,
				AAEF73F924F367C300C31BE0 /* UIWindow.swift */,
				AAB6356024FA1EE900754A01 /* UIView.swift */,
				AAA6E85C25108D75009E4507 /* Notification.Name.swift */,
				AA3709E02514A9F9003BBEA4 /* UIColor.swift */,
				AA370A0D251649C6003BBEA4 /* Collection.swift */,
			);
			path = Utils;
			sourceTree = "<group>";
		};
		AA08A09D2500E8170064A730 /* Explore */ = {
			isa = PBXGroup;
			children = (
				AA08A0A02500E8EC0064A730 /* ExploreViewController.swift */,
			);
			path = Explore;
			sourceTree = "<group>";
		};
		AA370A0A251615CF003BBEA4 /* Cells */ = {
			isa = PBXGroup;
			children = (
				AA370A0B251615E4003BBEA4 /* InputTableViewCell.swift */,
			);
			path = Cells;
			sourceTree = "<group>";
		};
		AA370A0F2516559A003BBEA4 /* Orders */ = {
			isa = PBXGroup;
			children = (
				AABDE1C825178C4300D289F4 /* OrdersViewController.swift */,
			);
			path = Orders;
			sourceTree = "<group>";
		};
		AA37F8E624E83B6A00DE51AD /* Cart */ = {
			isa = PBXGroup;
			children = (
				AA37F8E724E83BC600DE51AD /* CartViewController.swift */,
				AA37F8E924E83C4900DE51AD /* CartTableView.swift */,
				AA37F8EB24E83C8200DE51AD /* CartTableViewCell.swift */,
			);
			path = Cart;
			sourceTree = "<group>";
		};
		AA41A8CC24F4B6140051DDAF /* Order */ = {
			isa = PBXGroup;
			children = (
				AA98766C24EF940800FE6F16 /* AddToCart */,
				AA37F8E624E83B6A00DE51AD /* Cart */,
				AACF43CE24E6443000FF6A71 /* Stalls */,
			);
			path = Order;
			sourceTree = "<group>";
		};
		AA41A8CD24F4B6300051DDAF /* Settings */ = {
			isa = PBXGroup;
			children = (
				AA41A8CE24F4B6400051DDAF /* SettingsViewController.swift */,
				AA24C93C24F927C00020EBEA /* SettingsProfileTableViewCell.swift */,
			);
			path = Settings;
			sourceTree = "<group>";
		};
		AA98766C24EF940800FE6F16 /* AddToCart */ = {
			isa = PBXGroup;
			children = (
				AA98766D24EF9CE300FE6F16 /* AddToCartViewController.swift */,
			);
			path = AddToCart;
			sourceTree = "<group>";
		};
		AA9F19D1250F1DE10088B811 /* Admin */ = {
			isa = PBXGroup;
			children = (
				AA370A0F2516559A003BBEA4 /* Orders */,
				AA9F19D2250F1DE60088B811 /* MyStall */,
			);
			path = Admin;
			sourceTree = "<group>";
		};
		AA9F19D2250F1DE60088B811 /* MyStall */ = {
			isa = PBXGroup;
			children = (
				AA9F19D3250F210B0088B811 /* MyStallViewController.swift */,
				AA3709E42515BBF8003BBEA4 /* MyStallAddViewController.swift */,
			);
			path = MyStall;
			sourceTree = "<group>";
		};
		AAADC1AB24E50C2700B62170 = {
			isa = PBXGroup;
			children = (
				AAADC1B624E50C2700B62170 /* Source */,
				AAADC1B524E50C2700B62170 /* Products */,
				77CA85D28A2350F47506B640 /* Pods */,
				F3F2D0BA37BCDD1F81FF4CF3 /* Frameworks */,
			);
			sourceTree = "<group>";
		};
		AAADC1B524E50C2700B62170 /* Products */ = {
			isa = PBXGroup;
			children = (
				AAADC1B424E50C2700B62170 /* Barg-InnoFest.app */,
			);
			name = Products;
			sourceTree = "<group>";
		};
		AAADC1B624E50C2700B62170 /* Source */ = {
			isa = PBXGroup;
			children = (
				AA02F67D24F161840042C8CF /* Utils */,
				AAADC1CC24E50C9D00B62170 /* View */,
				AAADC1CB24E50C9900B62170 /* Model */,
				AAFF128F250CE44F00E1FA48 /* CoreData */,
				AAADC1B724E50C2700B62170 /* AppDelegate.swift */,
				AAADC1B924E50C2700B62170 /* SceneDelegate.swift */,
				AAADC1C024E50C2A00B62170 /* Assets.xcassets */,
				AAADC1C224E50C2A00B62170 /* LaunchScreen.storyboard */,
				AAADC1C524E50C2A00B62170 /* Info.plist */,
				AA578CBC24F7823A004B27D3 /* GoogleService-Info.plist */,
			);
			path = Source;
			sourceTree = "<group>";
		};
		AAADC1CB24E50C9900B62170 /* Model */ = {
			isa = PBXGroup;
			children = (
				AA9F04F3250245A0002B5EE9 /* Cart.swift */,
				AA844F9F24E78DC000D99C48 /* Stall.swift */,
				AA5D021324FFDE0600CA2E45 /* UserAuth.swift */,
			);
			path = Model;
			sourceTree = "<group>";
		};
		AAADC1CC24E50C9D00B62170 /* View */ = {
			isa = PBXGroup;
			children = (
				AA9F19D1250F1DE10088B811 /* Admin */,
				AAC6EE2D24FDEE0A00A458B9 /* Other */,
				AA08A09D2500E8170064A730 /* Explore */,
				AA41A8CC24F4B6140051DDAF /* Order */,
				AA41A8CD24F4B6300051DDAF /* Settings */,
			);
			path = View;
			sourceTree = "<group>";
		};
		AAC6EE2D24FDEE0A00A458B9 /* Other */ = {
			isa = PBXGroup;
			children = (
				AA370A0A251615CF003BBEA4 /* Cells */,
				AAC6EE2E24FDEE1600A458B9 /* ModalAction */,
			);
			path = Other;
			sourceTree = "<group>";
		};
		AAC6EE2E24FDEE1600A458B9 /* ModalAction */ = {
			isa = PBXGroup;
			children = (
				AAC6EE2F24FDEE3300A458B9 /* ModalActionViewController.swift */,
			);
			path = ModalAction;
			sourceTree = "<group>";
		};
		AACF43CE24E6443000FF6A71 /* Stalls */ = {
			isa = PBXGroup;
			children = (
				AA3CA950250C7F710068D80C /* StallsViewController.swift */,
				AA8056C524EA0CF300E80187 /* StallsCollectionViewCell.swift */,
			);
			path = Stalls;
			sourceTree = "<group>";
		};
		AAFF128F250CE44F00E1FA48 /* CoreData */ = {
			isa = PBXGroup;
			children = (
				AA2EFE3C25076776001309CB /* Barg-InnoFest.xcdatamodeld */,
				AAFF1291250CE49C00E1FA48 /* FoodItemEntity+CoreDataClass.swift */,
				AAFF1290250CE49C00E1FA48 /* FoodItemEntity+CoreDataProperties.swift */,
			);
			path = CoreData;
			sourceTree = "<group>";
		};
		F3F2D0BA37BCDD1F81FF4CF3 /* Frameworks */ = {
			isa = PBXGroup;
			children = (
				44ED743ABC27D8B594E45221 /* Pods_Barg_InnoFest.framework */,
			);
			name = Frameworks;
			sourceTree = "<group>";
		};
/* End PBXGroup section */

/* Begin PBXNativeTarget section */
		AAADC1B324E50C2700B62170 /* Barg-InnoFest */ = {
			isa = PBXNativeTarget;
			buildConfigurationList = AAADC1C824E50C2A00B62170 /* Build configuration list for PBXNativeTarget "Barg-InnoFest" */;
			buildPhases = (
				7C18FFF8EDC322B45C1318E2 /* [CP] Check Pods Manifest.lock */,
				AAADC1B024E50C2700B62170 /* Sources */,
				AAADC1B124E50C2700B62170 /* Frameworks */,
				AAADC1B224E50C2700B62170 /* Resources */,
				CE1ABAA9D0253BB7D91F9EB2 /* [CP] Embed Pods Frameworks */,
				9A693B07963AD6DC43C1A99E /* [CP] Copy Pods Resources */,
			);
			buildRules = (
			);
			dependencies = (
			);
			name = "Barg-InnoFest";
			productName = InnoFest;
			productReference = AAADC1B424E50C2700B62170 /* Barg-InnoFest.app */;
			productType = "com.apple.product-type.application";
		};
/* End PBXNativeTarget section */

/* Begin PBXProject section */
		AAADC1AC24E50C2700B62170 /* Project object */ = {
			isa = PBXProject;
			attributes = {
				LastSwiftUpdateCheck = 1150;
				LastUpgradeCheck = 1150;
				ORGANIZATIONNAME = "Ryan The";
				TargetAttributes = {
					AAADC1B324E50C2700B62170 = {
						CreatedOnToolsVersion = 11.5;
					};
				};
			};
			buildConfigurationList = AAADC1AF24E50C2700B62170 /* Build configuration list for PBXProject "Barg-InnoFest" */;
			compatibilityVersion = "Xcode 9.3";
			developmentRegion = en;
			hasScannedForEncodings = 0;
			knownRegions = (
				en,
				Base,
			);
			mainGroup = AAADC1AB24E50C2700B62170;
			productRefGroup = AAADC1B524E50C2700B62170 /* Products */;
			projectDirPath = "";
			projectRoot = "";
			targets = (
				AAADC1B324E50C2700B62170 /* Barg-InnoFest */,
			);
		};
/* End PBXProject section */

/* Begin PBXResourcesBuildPhase section */
		AAADC1B224E50C2700B62170 /* Resources */ = {
			isa = PBXResourcesBuildPhase;
			buildActionMask = 2147483647;
			files = (
				AAADC1C424E50C2A00B62170 /* LaunchScreen.storyboard in Resources */,
				AAADC1C124E50C2A00B62170 /* Assets.xcassets in Resources */,
				AA578CBD24F7823A004B27D3 /* GoogleService-Info.plist in Resources */,
			);
			runOnlyForDeploymentPostprocessing = 0;
		};
/* End PBXResourcesBuildPhase section */

/* Begin PBXShellScriptBuildPhase section */
		7C18FFF8EDC322B45C1318E2 /* [CP] Check Pods Manifest.lock */ = {
			isa = PBXShellScriptBuildPhase;
			buildActionMask = 2147483647;
			files = (
			);
			inputFileListPaths = (
			);
			inputPaths = (
				"${PODS_PODFILE_DIR_PATH}/Podfile.lock",
				"${PODS_ROOT}/Manifest.lock",
			);
			name = "[CP] Check Pods Manifest.lock";
			outputFileListPaths = (
			);
			outputPaths = (
				"$(DERIVED_FILE_DIR)/Pods-Barg-InnoFest-checkManifestLockResult.txt",
			);
			runOnlyForDeploymentPostprocessing = 0;
			shellPath = /bin/sh;
			shellScript = "diff \"${PODS_PODFILE_DIR_PATH}/Podfile.lock\" \"${PODS_ROOT}/Manifest.lock\" > /dev/null\nif [ $? != 0 ] ; then\n    # print error to STDERR\n    echo \"error: The sandbox is not in sync with the Podfile.lock. Run 'pod install' or update your CocoaPods installation.\" >&2\n    exit 1\nfi\n# This output is used by Xcode 'outputs' to avoid re-running this script phase.\necho \"SUCCESS\" > \"${SCRIPT_OUTPUT_FILE_0}\"\n";
			showEnvVarsInLog = 0;
		};
		9A693B07963AD6DC43C1A99E /* [CP] Copy Pods Resources */ = {
			isa = PBXShellScriptBuildPhase;
			buildActionMask = 2147483647;
			files = (
			);
			inputFileListPaths = (
				"${PODS_ROOT}/Target Support Files/Pods-Barg-InnoFest/Pods-Barg-InnoFest-resources-${CONFIGURATION}-input-files.xcfilelist",
			);
			name = "[CP] Copy Pods Resources";
			outputFileListPaths = (
				"${PODS_ROOT}/Target Support Files/Pods-Barg-InnoFest/Pods-Barg-InnoFest-resources-${CONFIGURATION}-output-files.xcfilelist",
			);
			runOnlyForDeploymentPostprocessing = 0;
			shellPath = /bin/sh;
			shellScript = "\"${PODS_ROOT}/Target Support Files/Pods-Barg-InnoFest/Pods-Barg-InnoFest-resources.sh\"\n";
			showEnvVarsInLog = 0;
		};
		CE1ABAA9D0253BB7D91F9EB2 /* [CP] Embed Pods Frameworks */ = {
			isa = PBXShellScriptBuildPhase;
			buildActionMask = 2147483647;
			files = (
			);
			inputFileListPaths = (
				"${PODS_ROOT}/Target Support Files/Pods-Barg-InnoFest/Pods-Barg-InnoFest-frameworks-${CONFIGURATION}-input-files.xcfilelist",
			);
			name = "[CP] Embed Pods Frameworks";
			outputFileListPaths = (
				"${PODS_ROOT}/Target Support Files/Pods-Barg-InnoFest/Pods-Barg-InnoFest-frameworks-${CONFIGURATION}-output-files.xcfilelist",
			);
			runOnlyForDeploymentPostprocessing = 0;
			shellPath = /bin/sh;
			shellScript = "\"${PODS_ROOT}/Target Support Files/Pods-Barg-InnoFest/Pods-Barg-InnoFest-frameworks.sh\"\n";
			showEnvVarsInLog = 0;
		};
/* End PBXShellScriptBuildPhase section */

/* Begin PBXSourcesBuildPhase section */
		AAADC1B024E50C2700B62170 /* Sources */ = {
			isa = PBXSourcesBuildPhase;
			buildActionMask = 2147483647;
			files = (
				AAB6356124FA1EE900754A01 /* UIView.swift in Sources */,
				AA9F19D4250F210B0088B811 /* MyStallViewController.swift in Sources */,
				AA9F04F4250245A0002B5EE9 /* Cart.swift in Sources */,
				AAADC1B824E50C2700B62170 /* AppDelegate.swift in Sources */,
				AA02F67F24F161AA0042C8CF /* GradientView.swift in Sources */,
				AAC6EE3024FDEE3300A458B9 /* ModalActionViewController.swift in Sources */,
				AAEF73FA24F367C300C31BE0 /* UIWindow.swift in Sources */,
				AA37F8E824E83BC600DE51AD /* CartViewController.swift in Sources */,
				AA41A8CF24F4B6400051DDAF /* SettingsViewController.swift in Sources */,
				AA37F8EA24E83C4900DE51AD /* CartTableView.swift in Sources */,
				AA370A0C251615E5003BBEA4 /* InputTableViewCell.swift in Sources */,
				AA12885224E940B900DD5459 /* Constants.swift in Sources */,
				AA8056C624EA0CF300E80187 /* StallsCollectionViewCell.swift in Sources */,
				AA37F8EC24E83C8200DE51AD /* CartTableViewCell.swift in Sources */,
				AAA6E85D25108D75009E4507 /* Notification.Name.swift in Sources */,
				AAFF1293250CE49D00E1FA48 /* FoodItemEntity+CoreDataClass.swift in Sources */,
				AAADC1BA24E50C2700B62170 /* SceneDelegate.swift in Sources */,
				AA3CA951250C7F710068D80C /* StallsViewController.swift in Sources */,
				AA3709E12514A9F9003BBEA4 /* UIColor.swift in Sources */,
				AA80E57724F6099B00723015 /* Utils.swift in Sources */,
				AA370A0E251649C6003BBEA4 /* Collection.swift in Sources */,
				AA24C93D24F927C00020EBEA /* SettingsProfileTableViewCell.swift in Sources */,
				AAFF1292250CE49D00E1FA48 /* FoodItemEntity+CoreDataProperties.swift in Sources */,
				AA3709E52515BBF8003BBEA4 /* MyStallAddViewController.swift in Sources */,
				AA2EFE3E25076776001309CB /* Barg-InnoFest.xcdatamodeld in Sources */,
				AABDE1C925178C4300D289F4 /* OrdersViewController.swift in Sources */,
				AA08A0A12500E8EC0064A730 /* ExploreViewController.swift in Sources */,
				AA98766E24EF9CE300FE6F16 /* AddToCartViewController.swift in Sources */,
				AA844FA024E78DC000D99C48 /* Stall.swift in Sources */,
				AA5D021424FFDE0600CA2E45 /* UserAuth.swift in Sources */,
			);
			runOnlyForDeploymentPostprocessing = 0;
		};
/* End PBXSourcesBuildPhase section */

/* Begin PBXVariantGroup section */
		AAADC1C224E50C2A00B62170 /* LaunchScreen.storyboard */ = {
			isa = PBXVariantGroup;
			children = (
				AAADC1C324E50C2A00B62170 /* Base */,
			);
			name = LaunchScreen.storyboard;
			sourceTree = "<group>";
		};
/* End PBXVariantGroup section */

/* Begin XCBuildConfiguration section */
		AAADC1C624E50C2A00B62170 /* Debug */ = {
			isa = XCBuildConfiguration;
			buildSettings = {
				ALWAYS_SEARCH_USER_PATHS = NO;
				CLANG_ANALYZER_NONNULL = YES;
				CLANG_ANALYZER_NUMBER_OBJECT_CONVERSION = YES_AGGRESSIVE;
				CLANG_CXX_LANGUAGE_STANDARD = "gnu++14";
				CLANG_CXX_LIBRARY = "libc++";
				CLANG_ENABLE_MODULES = YES;
				CLANG_ENABLE_OBJC_ARC = YES;
				CLANG_ENABLE_OBJC_WEAK = YES;
				CLANG_WARN_BLOCK_CAPTURE_AUTORELEASING = YES;
				CLANG_WARN_BOOL_CONVERSION = YES;
				CLANG_WARN_COMMA = YES;
				CLANG_WARN_CONSTANT_CONVERSION = YES;
				CLANG_WARN_DEPRECATED_OBJC_IMPLEMENTATIONS = YES;
				CLANG_WARN_DIRECT_OBJC_ISA_USAGE = YES_ERROR;
				CLANG_WARN_DOCUMENTATION_COMMENTS = YES;
				CLANG_WARN_EMPTY_BODY = YES;
				CLANG_WARN_ENUM_CONVERSION = YES;
				CLANG_WARN_INFINITE_RECURSION = YES;
				CLANG_WARN_INT_CONVERSION = YES;
				CLANG_WARN_NON_LITERAL_NULL_CONVERSION = YES;
				CLANG_WARN_OBJC_IMPLICIT_RETAIN_SELF = YES;
				CLANG_WARN_OBJC_LITERAL_CONVERSION = YES;
				CLANG_WARN_OBJC_ROOT_CLASS = YES_ERROR;
				CLANG_WARN_RANGE_LOOP_ANALYSIS = YES;
				CLANG_WARN_STRICT_PROTOTYPES = YES;
				CLANG_WARN_SUSPICIOUS_MOVE = YES;
				CLANG_WARN_UNGUARDED_AVAILABILITY = YES_AGGRESSIVE;
				CLANG_WARN_UNREACHABLE_CODE = YES;
				CLANG_WARN__DUPLICATE_METHOD_MATCH = YES;
				COPY_PHASE_STRIP = NO;
				DEBUG_INFORMATION_FORMAT = dwarf;
				ENABLE_STRICT_OBJC_MSGSEND = YES;
				ENABLE_TESTABILITY = YES;
				GCC_C_LANGUAGE_STANDARD = gnu11;
				GCC_DYNAMIC_NO_PIC = NO;
				GCC_NO_COMMON_BLOCKS = YES;
				GCC_OPTIMIZATION_LEVEL = 0;
				GCC_PREPROCESSOR_DEFINITIONS = (
					"DEBUG=1",
					"$(inherited)",
				);
				GCC_WARN_64_TO_32_BIT_CONVERSION = YES;
				GCC_WARN_ABOUT_RETURN_TYPE = YES_ERROR;
				GCC_WARN_UNDECLARED_SELECTOR = YES;
				GCC_WARN_UNINITIALIZED_AUTOS = YES_AGGRESSIVE;
				GCC_WARN_UNUSED_FUNCTION = YES;
				GCC_WARN_UNUSED_VARIABLE = YES;
				IPHONEOS_DEPLOYMENT_TARGET = 13.0;
				MTL_ENABLE_DEBUG_INFO = INCLUDE_SOURCE;
				MTL_FAST_MATH = YES;
				ONLY_ACTIVE_ARCH = YES;
				SDKROOT = iphoneos;
				SWIFT_ACTIVE_COMPILATION_CONDITIONS = DEBUG;
				SWIFT_OPTIMIZATION_LEVEL = "-Onone";
			};
			name = Debug;
		};
		AAADC1C724E50C2A00B62170 /* Release */ = {
			isa = XCBuildConfiguration;
			buildSettings = {
				ALWAYS_SEARCH_USER_PATHS = NO;
				CLANG_ANALYZER_NONNULL = YES;
				CLANG_ANALYZER_NUMBER_OBJECT_CONVERSION = YES_AGGRESSIVE;
				CLANG_CXX_LANGUAGE_STANDARD = "gnu++14";
				CLANG_CXX_LIBRARY = "libc++";
				CLANG_ENABLE_MODULES = YES;
				CLANG_ENABLE_OBJC_ARC = YES;
				CLANG_ENABLE_OBJC_WEAK = YES;
				CLANG_WARN_BLOCK_CAPTURE_AUTORELEASING = YES;
				CLANG_WARN_BOOL_CONVERSION = YES;
				CLANG_WARN_COMMA = YES;
				CLANG_WARN_CONSTANT_CONVERSION = YES;
				CLANG_WARN_DEPRECATED_OBJC_IMPLEMENTATIONS = YES;
				CLANG_WARN_DIRECT_OBJC_ISA_USAGE = YES_ERROR;
				CLANG_WARN_DOCUMENTATION_COMMENTS = YES;
				CLANG_WARN_EMPTY_BODY = YES;
				CLANG_WARN_ENUM_CONVERSION = YES;
				CLANG_WARN_INFINITE_RECURSION = YES;
				CLANG_WARN_INT_CONVERSION = YES;
				CLANG_WARN_NON_LITERAL_NULL_CONVERSION = YES;
				CLANG_WARN_OBJC_IMPLICIT_RETAIN_SELF = YES;
				CLANG_WARN_OBJC_LITERAL_CONVERSION = YES;
				CLANG_WARN_OBJC_ROOT_CLASS = YES_ERROR;
				CLANG_WARN_RANGE_LOOP_ANALYSIS = YES;
				CLANG_WARN_STRICT_PROTOTYPES = YES;
				CLANG_WARN_SUSPICIOUS_MOVE = YES;
				CLANG_WARN_UNGUARDED_AVAILABILITY = YES_AGGRESSIVE;
				CLANG_WARN_UNREACHABLE_CODE = YES;
				CLANG_WARN__DUPLICATE_METHOD_MATCH = YES;
				COPY_PHASE_STRIP = NO;
				DEBUG_INFORMATION_FORMAT = "dwarf-with-dsym";
				ENABLE_NS_ASSERTIONS = NO;
				ENABLE_STRICT_OBJC_MSGSEND = YES;
				GCC_C_LANGUAGE_STANDARD = gnu11;
				GCC_NO_COMMON_BLOCKS = YES;
				GCC_WARN_64_TO_32_BIT_CONVERSION = YES;
				GCC_WARN_ABOUT_RETURN_TYPE = YES_ERROR;
				GCC_WARN_UNDECLARED_SELECTOR = YES;
				GCC_WARN_UNINITIALIZED_AUTOS = YES_AGGRESSIVE;
				GCC_WARN_UNUSED_FUNCTION = YES;
				GCC_WARN_UNUSED_VARIABLE = YES;
				IPHONEOS_DEPLOYMENT_TARGET = 13.0;
				MTL_ENABLE_DEBUG_INFO = NO;
				MTL_FAST_MATH = YES;
				SDKROOT = iphoneos;
				SWIFT_COMPILATION_MODE = wholemodule;
				SWIFT_OPTIMIZATION_LEVEL = "-O";
				VALIDATE_PRODUCT = YES;
			};
			name = Release;
		};
		AAADC1C924E50C2A00B62170 /* Debug */ = {
			isa = XCBuildConfiguration;
			baseConfigurationReference = AC82108DEC3ECB54ABEEB02A /* Pods-Barg-InnoFest.debug.xcconfig */;
			buildSettings = {
				ASSETCATALOG_COMPILER_APPICON_NAME = AppIcon;
				CODE_SIGN_STYLE = Automatic;
				DEVELOPMENT_TEAM = 66HB97DLV4;
				INFOPLIST_FILE = "$(SRCROOT)/Source/Info.plist";
				IPHONEOS_DEPLOYMENT_TARGET = 13.0;
				LD_RUNPATH_SEARCH_PATHS = (
					"$(inherited)",
					"@executable_path/Frameworks",
				);
				OTHER_LDFLAGS = "$(inherited)";
				PRODUCT_BUNDLE_IDENTIFIER = "com.ryanthe.Barg-InnoFest";
				PRODUCT_NAME = "$(TARGET_NAME)";
				SWIFT_VERSION = 5.0;
				TARGETED_DEVICE_FAMILY = "1,2";
			};
			name = Debug;
		};
		AAADC1CA24E50C2A00B62170 /* Release */ = {
			isa = XCBuildConfiguration;
			baseConfigurationReference = 7E1F7976D93C56BA13B8566B /* Pods-Barg-InnoFest.release.xcconfig */;
			buildSettings = {
				ASSETCATALOG_COMPILER_APPICON_NAME = AppIcon;
				CODE_SIGN_STYLE = Automatic;
				DEVELOPMENT_TEAM = 66HB97DLV4;
				INFOPLIST_FILE = "$(SRCROOT)/Source/Info.plist";
				IPHONEOS_DEPLOYMENT_TARGET = 13.0;
				LD_RUNPATH_SEARCH_PATHS = (
					"$(inherited)",
					"@executable_path/Frameworks",
				);
				OTHER_LDFLAGS = "$(inherited)";
				PRODUCT_BUNDLE_IDENTIFIER = "com.ryanthe.Barg-InnoFest";
				PRODUCT_NAME = "$(TARGET_NAME)";
				SWIFT_VERSION = 5.0;
				TARGETED_DEVICE_FAMILY = "1,2";
			};
			name = Release;
		};
/* End XCBuildConfiguration section */

/* Begin XCConfigurationList section */
		AAADC1AF24E50C2700B62170 /* Build configuration list for PBXProject "Barg-InnoFest" */ = {
			isa = XCConfigurationList;
			buildConfigurations = (
				AAADC1C624E50C2A00B62170 /* Debug */,
				AAADC1C724E50C2A00B62170 /* Release */,
			);
			defaultConfigurationIsVisible = 0;
			defaultConfigurationName = Release;
		};
		AAADC1C824E50C2A00B62170 /* Build configuration list for PBXNativeTarget "Barg-InnoFest" */ = {
			isa = XCConfigurationList;
			buildConfigurations = (
				AAADC1C924E50C2A00B62170 /* Debug */,
				AAADC1CA24E50C2A00B62170 /* Release */,
			);
			defaultConfigurationIsVisible = 0;
			defaultConfigurationName = Release;
		};
/* End XCConfigurationList section */

/* Begin XCVersionGroup section */
		AA2EFE3C25076776001309CB /* Barg-InnoFest.xcdatamodeld */ = {
			isa = XCVersionGroup;
			children = (
				AA2EFE3D25076776001309CB /* Barg-InnoFest.xcdatamodel */,
			);
			currentVersion = AA2EFE3D25076776001309CB /* Barg-InnoFest.xcdatamodel */;
			path = "Barg-InnoFest.xcdatamodeld";
			sourceTree = "<group>";
			versionGroupType = wrapper.xcdatamodel;
		};
/* End XCVersionGroup section */
	};
	rootObject = AAADC1AC24E50C2700B62170 /* Project object */;
}
